
Microsoft Visual Studio Solution File, Format Version 12.00
# Visual Studio Version 16
VisualStudioVersion = 16.0.30611.23
MinimumVisualStudioVersion = 10.0.40219.1
Project("{FAE04EC0-301F-11D3-BF4B-00C04F79EFBC}") = "Dock.UI.Site", "src\Dock.UI.AppModelo\Dock.UI.Site.csproj", "{863F5FC0-C48F-4B8A-A6DB-DC8C2D5569EA}"
EndProject
Global
	GlobalSection(SolutionConfigurationPlatforms) = preSolution
		Debug|Any CPU = Debug|Any CPU
		Release|Any CPU = Release|Any CPU
	EndGlobalSection
	GlobalSection(ProjectConfigurationPlatforms) = postSolution
		{863F5FC0-C48F-4B8A-A6DB-DC8C2D5569EA}.Debug|Any CPU.ActiveCfg = Debug|Any CPU
		{863F5FC0-C48F-4B8A-A6DB-DC8C2D5569EA}.Debug|Any CPU.Build.0 = Debug|Any CPU
		{863F5FC0-C48F-4B8A-A6DB-DC8C2D5569EA}.Release|Any CPU.ActiveCfg = Release|Any CPU
		{863F5FC0-C48F-4B8A-A6DB-DC8C2D5569EA}.Release|Any CPU.Build.0 = Release|Any CPU
	EndGlobalSection
	GlobalSection(SolutionProperties) = preSolution
		HideSolutionNode = FALSE
	EndGlobalSection
	GlobalSection(ExtensibilityGlobals) = postSolution
		SolutionGuid = {854548C7-3F2C-4603-AE7C-1BC9936A56B1}
	EndGlobalSection
EndGlobal
